
Microsoft Visual Studio Solution File, Format Version 12.00
# Visual Studio Version 17
VisualStudioVersion = 17.4.33213.308
MinimumVisualStudioVersion = 10.0.40219.1
Project("{FAE04EC0-301F-11D3-BF4B-00C04F79EFBC}") = "demo", "demo\demo.csproj", "{7BAA98BB-9563-44ED-BB4A-5A75594D303F}"
EndProject
Global
	GlobalSection(SolutionConfigurationPlatforms) = preSolution
		Debug|Any CPU = Debug|Any CPU
		Release|Any CPU = Release|Any CPU
	EndGlobalSection
	GlobalSection(ProjectConfigurationPlatforms) = postSolution
		{7BAA98BB-9563-44ED-BB4A-5A75594D303F}.Debug|Any CPU.ActiveCfg = Debug|Any CPU
		{7BAA98BB-9563-44ED-BB4A-5A75594D303F}.Debug|Any CPU.Build.0 = Debug|Any CPU
		{7BAA98BB-9563-44ED-BB4A-5A75594D303F}.Release|Any CPU.ActiveCfg = Release|Any CPU
		{7BAA98BB-9563-44ED-BB4A-5A75594D303F}.Release|Any CPU.Build.0 = Release|Any CPU
	EndGlobalSection
	GlobalSection(SolutionProperties) = preSolution
		HideSolutionNode = FALSE
	EndGlobalSection
	GlobalSection(ExtensibilityGlobals) = postSolution
		SolutionGuid = {BD28DD5B-DEA5-4F3B-9540-3FEA10A60458}
	EndGlobalSection
EndGlobal
